
Microsoft Visual Studio Solution File, Format Version 12.00
# Visual Studio Version 16
VisualStudioVersion = 16.0.30503.244
MinimumVisualStudioVersion = 10.0.40219.1
Project("{9A19103F-16F7-4668-BE54-9A1E7A4F7556}") = "PVK.API", "PavakEnterPrise\PVK.API.csproj", "{172319C7-05D8-4733-A618-A1561112318C}"
EndProject
Project("{2150E333-8FDC-42A3-9474-1A3956D46DE8}") = "PVK.BusinessLayer", "PVK.BusinessLayer", "{DC901A8F-DD77-4EE7-8EBA-06F4EC6D5A5D}"
EndProject
Project("{9A19103F-16F7-4668-BE54-9A1E7A4F7556}") = "PVK.Interfaces", "PVK.Interfaces\PVK.Interfaces.csproj", "{B0F0879E-0E34-4701-BFA1-5436C0375E1E}"
EndProject
Project("{9A19103F-16F7-4668-BE54-9A1E7A4F7556}") = "PVK.DTO", "PVK.DTO\PVK.DTO.csproj", "{401A4B7A-0A3E-4021-B899-E58B8522ABD9}"
EndProject
Project("{2150E333-8FDC-42A3-9474-1A3956D46DE8}") = "PVK.Infrastructure", "PVK.Infrastructure", "{D1EEBB9C-9E06-4BD8-9195-92AAB50AA415}"
EndProject
Project("{9A19103F-16F7-4668-BE54-9A1E7A4F7556}") = "PVK.EFCore.Data", "PVK.EFCore.Data\PVK.EFCore.Data.csproj", "{C1BF5597-93EC-48C2-86CD-297CA996C5CA}"
EndProject
Project("{9A19103F-16F7-4668-BE54-9A1E7A4F7556}") = "PVK.Application.Services", "PVK.Application.Services\PVK.Application.Services.csproj", "{6D9D992F-373B-4B62-A9BF-560698168A59}"
EndProject
Project("{9A19103F-16F7-4668-BE54-9A1E7A4F7556}") = "PVK.QueryHandlers", "PVK.QueryHandlers\PVK.QueryHandlers.csproj", "{DE5FF7F8-7500-4DEE-B81B-5D6629DAB2E6}"
EndProject
Global
	GlobalSection(SolutionConfigurationPlatforms) = preSolution
		Debug|Any CPU = Debug|Any CPU
		Release|Any CPU = Release|Any CPU
	EndGlobalSection
	GlobalSection(ProjectConfigurationPlatforms) = postSolution
		{172319C7-05D8-4733-A618-A1561112318C}.Debug|Any CPU.ActiveCfg = Debug|Any CPU
		{172319C7-05D8-4733-A618-A1561112318C}.Debug|Any CPU.Build.0 = Debug|Any CPU
		{172319C7-05D8-4733-A618-A1561112318C}.Release|Any CPU.ActiveCfg = Release|Any CPU
		{172319C7-05D8-4733-A618-A1561112318C}.Release|Any CPU.Build.0 = Release|Any CPU
		{B0F0879E-0E34-4701-BFA1-5436C0375E1E}.Debug|Any CPU.ActiveCfg = Debug|Any CPU
		{B0F0879E-0E34-4701-BFA1-5436C0375E1E}.Debug|Any CPU.Build.0 = Debug|Any CPU
		{B0F0879E-0E34-4701-BFA1-5436C0375E1E}.Release|Any CPU.ActiveCfg = Release|Any CPU
		{B0F0879E-0E34-4701-BFA1-5436C0375E1E}.Release|Any CPU.Build.0 = Release|Any CPU
		{401A4B7A-0A3E-4021-B899-E58B8522ABD9}.Debug|Any CPU.ActiveCfg = Debug|Any CPU
		{401A4B7A-0A3E-4021-B899-E58B8522ABD9}.Debug|Any CPU.Build.0 = Debug|Any CPU
		{401A4B7A-0A3E-4021-B899-E58B8522ABD9}.Release|Any CPU.ActiveCfg = Release|Any CPU
		{401A4B7A-0A3E-4021-B899-E58B8522ABD9}.Release|Any CPU.Build.0 = Release|Any CPU
		{C1BF5597-93EC-48C2-86CD-297CA996C5CA}.Debug|Any CPU.ActiveCfg = Debug|Any CPU
		{C1BF5597-93EC-48C2-86CD-297CA996C5CA}.Debug|Any CPU.Build.0 = Debug|Any CPU
		{C1BF5597-93EC-48C2-86CD-297CA996C5CA}.Release|Any CPU.ActiveCfg = Release|Any CPU
		{C1BF5597-93EC-48C2-86CD-297CA996C5CA}.Release|Any CPU.Build.0 = Release|Any CPU
		{6D9D992F-373B-4B62-A9BF-560698168A59}.Debug|Any CPU.ActiveCfg = Debug|Any CPU
		{6D9D992F-373B-4B62-A9BF-560698168A59}.Debug|Any CPU.Build.0 = Debug|Any CPU
		{6D9D992F-373B-4B62-A9BF-560698168A59}.Release|Any CPU.ActiveCfg = Release|Any CPU
		{6D9D992F-373B-4B62-A9BF-560698168A59}.Release|Any CPU.Build.0 = Release|Any CPU
		{DE5FF7F8-7500-4DEE-B81B-5D6629DAB2E6}.Debug|Any CPU.ActiveCfg = Debug|Any CPU
		{DE5FF7F8-7500-4DEE-B81B-5D6629DAB2E6}.Debug|Any CPU.Build.0 = Debug|Any CPU
		{DE5FF7F8-7500-4DEE-B81B-5D6629DAB2E6}.Release|Any CPU.ActiveCfg = Release|Any CPU
		{DE5FF7F8-7500-4DEE-B81B-5D6629DAB2E6}.Release|Any CPU.Build.0 = Release|Any CPU
	EndGlobalSection
	GlobalSection(SolutionProperties) = preSolution
		HideSolutionNode = FALSE
	EndGlobalSection
	GlobalSection(NestedProjects) = preSolution
		{B0F0879E-0E34-4701-BFA1-5436C0375E1E} = {DC901A8F-DD77-4EE7-8EBA-06F4EC6D5A5D}
		{401A4B7A-0A3E-4021-B899-E58B8522ABD9} = {DC901A8F-DD77-4EE7-8EBA-06F4EC6D5A5D}
		{C1BF5597-93EC-48C2-86CD-297CA996C5CA} = {D1EEBB9C-9E06-4BD8-9195-92AAB50AA415}
		{6D9D992F-373B-4B62-A9BF-560698168A59} = {DC901A8F-DD77-4EE7-8EBA-06F4EC6D5A5D}
		{DE5FF7F8-7500-4DEE-B81B-5D6629DAB2E6} = {DC901A8F-DD77-4EE7-8EBA-06F4EC6D5A5D}
	EndGlobalSection
	GlobalSection(ExtensibilityGlobals) = postSolution
		SolutionGuid = {5A05A7F4-5B93-49DC-AABB-BDD8A48671E2}
	EndGlobalSection
EndGlobal
