
Microsoft Visual Studio Solution File, Format Version 12.00
# Visual Studio Version 16
VisualStudioVersion = 16.0.30503.244
MinimumVisualStudioVersion = 10.0.40219.1
Project("{FAE04EC0-301F-11D3-BF4B-00C04F79EFBC}") = "PVK.API", "PavakEnterPrise\PVK.API.csproj", "{172319C7-05D8-4733-A618-A1561112318C}"
EndProject
Project("{2150E333-8FDC-42A3-9474-1A3956D46DE8}") = "PVK.BusinessLayer", "PVK.BusinessLayer", "{DC901A8F-DD77-4EE7-8EBA-06F4EC6D5A5D}"
EndProject
Project("{FAE04EC0-301F-11D3-BF4B-00C04F79EFBC}") = "PVK.Interfaces", "PVK.Interfaces\PVK.Interfaces.csproj", "{B0F0879E-0E34-4701-BFA1-5436C0375E1E}"
EndProject
Global
	GlobalSection(SolutionConfigurationPlatforms) = preSolution
		Debug|Any CPU = Debug|Any CPU
		Release|Any CPU = Release|Any CPU
	EndGlobalSection
	GlobalSection(ProjectConfigurationPlatforms) = postSolution
		{172319C7-05D8-4733-A618-A1561112318C}.Debug|Any CPU.ActiveCfg = Debug|Any CPU
		{172319C7-05D8-4733-A618-A1561112318C}.Debug|Any CPU.Build.0 = Debug|Any CPU
		{172319C7-05D8-4733-A618-A1561112318C}.Release|Any CPU.ActiveCfg = Release|Any CPU
		{172319C7-05D8-4733-A618-A1561112318C}.Release|Any CPU.Build.0 = Release|Any CPU
		{B0F0879E-0E34-4701-BFA1-5436C0375E1E}.Debug|Any CPU.ActiveCfg = Debug|Any CPU
		{B0F0879E-0E34-4701-BFA1-5436C0375E1E}.Debug|Any CPU.Build.0 = Debug|Any CPU
		{B0F0879E-0E34-4701-BFA1-5436C0375E1E}.Release|Any CPU.ActiveCfg = Release|Any CPU
		{B0F0879E-0E34-4701-BFA1-5436C0375E1E}.Release|Any CPU.Build.0 = Release|Any CPU
	EndGlobalSection
	GlobalSection(SolutionProperties) = preSolution
		HideSolutionNode = FALSE
	EndGlobalSection
	GlobalSection(ExtensibilityGlobals) = postSolution
		SolutionGuid = {5A05A7F4-5B93-49DC-AABB-BDD8A48671E2}
	EndGlobalSection
EndGlobal
